
Microsoft Visual Studio Solution File, Format Version 12.00
# Visual Studio Version 17
VisualStudioVersion = 17.10.35013.160
MinimumVisualStudioVersion = 10.0.40219.1
Project("{9A19103F-16F7-4668-BE54-9A1E7A4F7556}") = "CotizacionAPI", "CotizacionAPI\CotizacionAPI.csproj", "{DD4ADE0C-4593-4D5C-A5C4-FBF5EDA13E25}"
EndProject
Project("{FAE04EC0-301F-11D3-BF4B-00C04F79EFBC}") = "Testing", "Testing\Testing.csproj", "{A4C692E7-82DC-4A32-B77D-E6924F82D477}"
EndProject
Global
	GlobalSection(SolutionConfigurationPlatforms) = preSolution
		Debug|Any CPU = Debug|Any CPU
		Release|Any CPU = Release|Any CPU
	EndGlobalSection
	GlobalSection(ProjectConfigurationPlatforms) = postSolution
		{DD4ADE0C-4593-4D5C-A5C4-FBF5EDA13E25}.Debug|Any CPU.ActiveCfg = Debug|Any CPU
		{DD4ADE0C-4593-4D5C-A5C4-FBF5EDA13E25}.Debug|Any CPU.Build.0 = Debug|Any CPU
		{DD4ADE0C-4593-4D5C-A5C4-FBF5EDA13E25}.Release|Any CPU.ActiveCfg = Release|Any CPU
		{DD4ADE0C-4593-4D5C-A5C4-FBF5EDA13E25}.Release|Any CPU.Build.0 = Release|Any CPU
		{A4C692E7-82DC-4A32-B77D-E6924F82D477}.Debug|Any CPU.ActiveCfg = Debug|Any CPU
		{A4C692E7-82DC-4A32-B77D-E6924F82D477}.Debug|Any CPU.Build.0 = Debug|Any CPU
		{A4C692E7-82DC-4A32-B77D-E6924F82D477}.Release|Any CPU.ActiveCfg = Release|Any CPU
		{A4C692E7-82DC-4A32-B77D-E6924F82D477}.Release|Any CPU.Build.0 = Release|Any CPU
	EndGlobalSection
	GlobalSection(SolutionProperties) = preSolution
		HideSolutionNode = FALSE
	EndGlobalSection
	GlobalSection(ExtensibilityGlobals) = postSolution
		SolutionGuid = {83F19E0D-F62F-4C9B-9259-6F2BF60B8C48}
	EndGlobalSection
EndGlobal
